// !$*UTF8*$!
{
	archiveVersion = 1;
	classes = {
	};
	objectVersion = 46;
	objects = {

/* Begin PBXBuildFile section */
		EFFA7C2318A46F1000B81CF0 /* Foundation.framework in Frameworks */ = {isa = PBXBuildFile; fileRef = EFFA7C2218A46F1000B81CF0 /* Foundation.framework */; };
		EFFA7C2518A46F1000B81CF0 /* CoreGraphics.framework in Frameworks */ = {isa = PBXBuildFile; fileRef = EFFA7C2418A46F1000B81CF0 /* CoreGraphics.framework */; };
		EFFA7C2718A46F1000B81CF0 /* UIKit.framework in Frameworks */ = {isa = PBXBuildFile; fileRef = EFFA7C2618A46F1000B81CF0 /* UIKit.framework */; };
		EFFA7C2D18A46F1000B81CF0 /* InfoPlist.strings in Resources */ = {isa = PBXBuildFile; fileRef = EFFA7C2B18A46F1000B81CF0 /* InfoPlist.strings */; };
		EFFA7C2F18A46F1000B81CF0 /* main.m in Sources */ = {isa = PBXBuildFile; fileRef = EFFA7C2E18A46F1000B81CF0 /* main.m */; };
		EFFA7C3318A46F1000B81CF0 /* Quiz4AppDelegate.m in Sources */ = {isa = PBXBuildFile; fileRef = EFFA7C3218A46F1000B81CF0 /* Quiz4AppDelegate.m */; };
		EFFA7C3518A46F1000B81CF0 /* Images.xcassets in Resources */ = {isa = PBXBuildFile; fileRef = EFFA7C3418A46F1000B81CF0 /* Images.xcassets */; };
		EFFA7C3C18A46F1000B81CF0 /* XCTest.framework in Frameworks */ = {isa = PBXBuildFile; fileRef = EFFA7C3B18A46F1000B81CF0 /* XCTest.framework */; };
		EFFA7C3D18A46F1000B81CF0 /* Foundation.framework in Frameworks */ = {isa = PBXBuildFile; fileRef = EFFA7C2218A46F1000B81CF0 /* Foundation.framework */; };
		EFFA7C3E18A46F1000B81CF0 /* UIKit.framework in Frameworks */ = {isa = PBXBuildFile; fileRef = EFFA7C2618A46F1000B81CF0 /* UIKit.framework */; };
		EFFA7C4618A46F1000B81CF0 /* InfoPlist.strings in Resources */ = {isa = PBXBuildFile; fileRef = EFFA7C4418A46F1000B81CF0 /* InfoPlist.strings */; };
		EFFA7C4818A46F1000B81CF0 /* Quiz4Tests.m in Sources */ = {isa = PBXBuildFile; fileRef = EFFA7C4718A46F1000B81CF0 /* Quiz4Tests.m */; };
		EFFA7C5318A46F2B00B81CF0 /* Q4View.m in Sources */ = {isa = PBXBuildFile; fileRef = EFFA7C5218A46F2B00B81CF0 /* Q4View.m */; };
		EFFA7C5618A46F4700B81CF0 /* Q4LeftController.m in Sources */ = {isa = PBXBuildFile; fileRef = EFFA7C5518A46F4700B81CF0 /* Q4LeftController.m */; };
		EFFA7C5918A46F5400B81CF0 /* Q4RightController.m in Sources */ = {isa = PBXBuildFile; fileRef = EFFA7C5818A46F5400B81CF0 /* Q4RightController.m */; };
/* End PBXBuildFile section */

/* Begin PBXContainerItemProxy section */
		EFFA7C3F18A46F1000B81CF0 /* PBXContainerItemProxy */ = {
			isa = PBXContainerItemProxy;
			containerPortal = EFFA7C1718A46F1000B81CF0 /* Project object */;
			proxyType = 1;
			remoteGlobalIDString = EFFA7C1E18A46F1000B81CF0;
			remoteInfo = Quiz4;
		};
/* End PBXContainerItemProxy section */

/* Begin PBXFileReference section */
		EFFA7C1F18A46F1000B81CF0 /* Quiz4.app */ = {isa = PBXFileReference; explicitFileType = wrapper.application; includeInIndex = 0; path = Quiz4.app; sourceTree = BUILT_PRODUCTS_DIR; };
		EFFA7C2218A46F1000B81CF0 /* Foundation.framework */ = {isa = PBXFileReference; lastKnownFileType = wrapper.framework; name = Foundation.framework; path = System/Library/Frameworks/Foundation.framework; sourceTree = SDKROOT; };
		EFFA7C2418A46F1000B81CF0 /* CoreGraphics.framework */ = {isa = PBXFileReference; lastKnownFileType = wrapper.framework; name = CoreGraphics.framework; path = System/Library/Frameworks/CoreGraphics.framework; sourceTree = SDKROOT; };
		EFFA7C2618A46F1000B81CF0 /* UIKit.framework */ = {isa = PBXFileReference; lastKnownFileType = wrapper.framework; name = UIKit.framework; path = System/Library/Frameworks/UIKit.framework; sourceTree = SDKROOT; };
		EFFA7C2A18A46F1000B81CF0 /* Quiz4-Info.plist */ = {isa = PBXFileReference; lastKnownFileType = text.plist.xml; path = "Quiz4-Info.plist"; sourceTree = "<group>"; };
		EFFA7C2C18A46F1000B81CF0 /* en */ = {isa = PBXFileReference; lastKnownFileType = text.plist.strings; name = en; path = en.lproj/InfoPlist.strings; sourceTree = "<group>"; };
		EFFA7C2E18A46F1000B81CF0 /* main.m */ = {isa = PBXFileReference; lastKnownFileType = sourcecode.c.objc; path = main.m; sourceTree = "<group>"; };
		EFFA7C3018A46F1000B81CF0 /* Quiz4-Prefix.pch */ = {isa = PBXFileReference; lastKnownFileType = sourcecode.c.h; path = "Quiz4-Prefix.pch"; sourceTree = "<group>"; };
		EFFA7C3118A46F1000B81CF0 /* Quiz4AppDelegate.h */ = {isa = PBXFileReference; lastKnownFileType = sourcecode.c.h; path = Quiz4AppDelegate.h; sourceTree = "<group>"; };
		EFFA7C3218A46F1000B81CF0 /* Quiz4AppDelegate.m */ = {isa = PBXFileReference; lastKnownFileType = sourcecode.c.objc; path = Quiz4AppDelegate.m; sourceTree = "<group>"; };
		EFFA7C3418A46F1000B81CF0 /* Images.xcassets */ = {isa = PBXFileReference; lastKnownFileType = folder.assetcatalog; path = Images.xcassets; sourceTree = "<group>"; };
		EFFA7C3A18A46F1000B81CF0 /* Quiz4Tests.xctest */ = {isa = PBXFileReference; explicitFileType = wrapper.cfbundle; includeInIndex = 0; path = Quiz4Tests.xctest; sourceTree = BUILT_PRODUCTS_DIR; };
		EFFA7C3B18A46F1000B81CF0 /* XCTest.framework */ = {isa = PBXFileReference; lastKnownFileType = wrapper.framework; name = XCTest.framework; path = Library/Frameworks/XCTest.framework; sourceTree = DEVELOPER_DIR; };
		EFFA7C4318A46F1000B81CF0 /* Quiz4Tests-Info.plist */ = {isa = PBXFileReference; lastKnownFileType = text.plist.xml; path = "Quiz4Tests-Info.plist"; sourceTree = "<group>"; };
		EFFA7C4518A46F1000B81CF0 /* en */ = {isa = PBXFileReference; lastKnownFileType = text.plist.strings; name = en; path = en.lproj/InfoPlist.strings; sourceTree = "<group>"; };
		EFFA7C4718A46F1000B81CF0 /* Quiz4Tests.m */ = {isa = PBXFileReference; lastKnownFileType = sourcecode.c.objc; path = Quiz4Tests.m; sourceTree = "<group>"; };
		EFFA7C5118A46F2B00B81CF0 /* Q4View.h */ = {isa = PBXFileReference; fileEncoding = 4; lastKnownFileType = sourcecode.c.h; path = Q4View.h; sourceTree = "<group>"; };
		EFFA7C5218A46F2B00B81CF0 /* Q4View.m */ = {isa = PBXFileReference; fileEncoding = 4; lastKnownFileType = sourcecode.c.objc; path = Q4View.m; sourceTree = "<group>"; };
		EFFA7C5418A46F4700B81CF0 /* Q4LeftController.h */ = {isa = PBXFileReference; fileEncoding = 4; lastKnownFileType = sourcecode.c.h; path = Q4LeftController.h; sourceTree = "<group>"; };
		EFFA7C5518A46F4700B81CF0 /* Q4LeftController.m */ = {isa = PBXFileReference; fileEncoding = 4; lastKnownFileType = sourcecode.c.objc; path = Q4LeftController.m; sourceTree = "<group>"; };
		EFFA7C5718A46F5400B81CF0 /* Q4RightController.h */ = {isa = PBXFileReference; fileEncoding = 4; lastKnownFileType = sourcecode.c.h; path = Q4RightController.h; sourceTree = "<group>"; };
		EFFA7C5818A46F5400B81CF0 /* Q4RightController.m */ = {isa = PBXFileReference; fileEncoding = 4; lastKnownFileType = sourcecode.c.objc; path = Q4RightController.m; sourceTree = "<group>"; };
/* End PBXFileReference section */

/* Begin PBXFrameworksBuildPhase section */
		EFFA7C1C18A46F1000B81CF0 /* Frameworks */ = {
			isa = PBXFrameworksBuildPhase;
			buildActionMask = 2147483647;
			files = (
				EFFA7C2518A46F1000B81CF0 /* CoreGraphics.framework in Frameworks */,
				EFFA7C2718A46F1000B81CF0 /* UIKit.framework in Frameworks */,
				EFFA7C2318A46F1000B81CF0 /* Foundation.framework in Frameworks */,
			);
			runOnlyForDeploymentPostprocessing = 0;
		};
		EFFA7C3718A46F1000B81CF0 /* Frameworks */ = {
			isa = PBXFrameworksBuildPhase;
			buildActionMask = 2147483647;
			files = (
				EFFA7C3C18A46F1000B81CF0 /* XCTest.framework in Frameworks */,
				EFFA7C3E18A46F1000B81CF0 /* UIKit.framework in Frameworks */,
				EFFA7C3D18A46F1000B81CF0 /* Foundation.framework in Frameworks */,
			);
			runOnlyForDeploymentPostprocessing = 0;
		};
/* End PBXFrameworksBuildPhase section */

/* Begin PBXGroup section */
		EFFA7C1618A46F1000B81CF0 = {
			isa = PBXGroup;
			children = (
				EFFA7C2818A46F1000B81CF0 /* Quiz4 */,
				EFFA7C4118A46F1000B81CF0 /* Quiz4Tests */,
				EFFA7C2118A46F1000B81CF0 /* Frameworks */,
				EFFA7C2018A46F1000B81CF0 /* Products */,
			);
			sourceTree = "<group>";
		};
		EFFA7C2018A46F1000B81CF0 /* Products */ = {
			isa = PBXGroup;
			children = (
				EFFA7C1F18A46F1000B81CF0 /* Quiz4.app */,
				EFFA7C3A18A46F1000B81CF0 /* Quiz4Tests.xctest */,
			);
			name = Products;
			sourceTree = "<group>";
		};
		EFFA7C2118A46F1000B81CF0 /* Frameworks */ = {
			isa = PBXGroup;
			children = (
				EFFA7C2218A46F1000B81CF0 /* Foundation.framework */,
				EFFA7C2418A46F1000B81CF0 /* CoreGraphics.framework */,
				EFFA7C2618A46F1000B81CF0 /* UIKit.framework */,
				EFFA7C3B18A46F1000B81CF0 /* XCTest.framework */,
			);
			name = Frameworks;
			sourceTree = "<group>";
		};
		EFFA7C2818A46F1000B81CF0 /* Quiz4 */ = {
			isa = PBXGroup;
			children = (
				EFFA7C3118A46F1000B81CF0 /* Quiz4AppDelegate.h */,
				EFFA7C3218A46F1000B81CF0 /* Quiz4AppDelegate.m */,
				EFFA7C3418A46F1000B81CF0 /* Images.xcassets */,
				EFFA7C2918A46F1000B81CF0 /* Supporting Files */,
				EFFA7C5118A46F2B00B81CF0 /* Q4View.h */,
				EFFA7C5218A46F2B00B81CF0 /* Q4View.m */,
				EFFA7C5418A46F4700B81CF0 /* Q4LeftController.h */,
				EFFA7C5518A46F4700B81CF0 /* Q4LeftController.m */,
				EFFA7C5718A46F5400B81CF0 /* Q4RightController.h */,
				EFFA7C5818A46F5400B81CF0 /* Q4RightController.m */,
			);
			path = Quiz4;
			sourceTree = "<group>";
		};
		EFFA7C2918A46F1000B81CF0 /* Supporting Files */ = {
			isa = PBXGroup;
			children = (
				EFFA7C2A18A46F1000B81CF0 /* Quiz4-Info.plist */,
				EFFA7C2B18A46F1000B81CF0 /* InfoPlist.strings */,
				EFFA7C2E18A46F1000B81CF0 /* main.m */,
				EFFA7C3018A46F1000B81CF0 /* Quiz4-Prefix.pch */,
			);
			name = "Supporting Files";
			sourceTree = "<group>";
		};
		EFFA7C4118A46F1000B81CF0 /* Quiz4Tests */ = {
			isa = PBXGroup;
			children = (
				EFFA7C4718A46F1000B81CF0 /* Quiz4Tests.m */,
				EFFA7C4218A46F1000B81CF0 /* Supporting Files */,
			);
			path = Quiz4Tests;
			sourceTree = "<group>";
		};
		EFFA7C4218A46F1000B81CF0 /* Supporting Files */ = {
			isa = PBXGroup;
			children = (
				EFFA7C4318A46F1000B81CF0 /* Quiz4Tests-Info.plist */,
				EFFA7C4418A46F1000B81CF0 /* InfoPlist.strings */,
			);
			name = "Supporting Files";
			sourceTree = "<group>";
		};
/* End PBXGroup section */

/* Begin PBXNativeTarget section */
		EFFA7C1E18A46F1000B81CF0 /* Quiz4 */ = {
			isa = PBXNativeTarget;
			buildConfigurationList = EFFA7C4B18A46F1000B81CF0 /* Build configuration list for PBXNativeTarget "Quiz4" */;
			buildPhases = (
				EFFA7C1B18A46F1000B81CF0 /* Sources */,
				EFFA7C1C18A46F1000B81CF0 /* Frameworks */,
				EFFA7C1D18A46F1000B81CF0 /* Resources */,
			);
			buildRules = (
			);
			dependencies = (
			);
			name = Quiz4;
			productName = Quiz4;
			productReference = EFFA7C1F18A46F1000B81CF0 /* Quiz4.app */;
			productType = "com.apple.product-type.application";
		};
		EFFA7C3918A46F1000B81CF0 /* Quiz4Tests */ = {
			isa = PBXNativeTarget;
			buildConfigurationList = EFFA7C4E18A46F1000B81CF0 /* Build configuration list for PBXNativeTarget "Quiz4Tests" */;
			buildPhases = (
				EFFA7C3618A46F1000B81CF0 /* Sources */,
				EFFA7C3718A46F1000B81CF0 /* Frameworks */,
				EFFA7C3818A46F1000B81CF0 /* Resources */,
			);
			buildRules = (
			);
			dependencies = (
				EFFA7C4018A46F1000B81CF0 /* PBXTargetDependency */,
			);
			name = Quiz4Tests;
			productName = Quiz4Tests;
			productReference = EFFA7C3A18A46F1000B81CF0 /* Quiz4Tests.xctest */;
			productType = "com.apple.product-type.bundle.unit-test";
		};
/* End PBXNativeTarget section */

/* Begin PBXProject section */
		EFFA7C1718A46F1000B81CF0 /* Project object */ = {
			isa = PBXProject;
			attributes = {
				CLASSPREFIX = Quiz4;
				LastUpgradeCheck = 0500;
				ORGANIZATIONNAME = "Moser, Wesley";
				TargetAttributes = {
					EFFA7C3918A46F1000B81CF0 = {
						TestTargetID = EFFA7C1E18A46F1000B81CF0;
					};
				};
			};
			buildConfigurationList = EFFA7C1A18A46F1000B81CF0 /* Build configuration list for PBXProject "Quiz4" */;
			compatibilityVersion = "Xcode 3.2";
			developmentRegion = English;
			hasScannedForEncodings = 0;
			knownRegions = (
				en,
			);
			mainGroup = EFFA7C1618A46F1000B81CF0;
			productRefGroup = EFFA7C2018A46F1000B81CF0 /* Products */;
			projectDirPath = "";
			projectRoot = "";
			targets = (
				EFFA7C1E18A46F1000B81CF0 /* Quiz4 */,
				EFFA7C3918A46F1000B81CF0 /* Quiz4Tests */,
			);
		};
/* End PBXProject section */

/* Begin PBXResourcesBuildPhase section */
		EFFA7C1D18A46F1000B81CF0 /* Resources */ = {
			isa = PBXResourcesBuildPhase;
			buildActionMask = 2147483647;
			files = (
				EFFA7C2D18A46F1000B81CF0 /* InfoPlist.strings in Resources */,
				EFFA7C3518A46F1000B81CF0 /* Images.xcassets in Resources */,
			);
			runOnlyForDeploymentPostprocessing = 0;
		};
		EFFA7C3818A46F1000B81CF0 /* Resources */ = {
			isa = PBXResourcesBuildPhase;
			buildActionMask = 2147483647;
			files = (
				EFFA7C4618A46F1000B81CF0 /* InfoPlist.strings in Resources */,
			);
			runOnlyForDeploymentPostprocessing = 0;
		};
/* End PBXResourcesBuildPhase section */

/* Begin PBXSourcesBuildPhase section */
		EFFA7C1B18A46F1000B81CF0 /* Sources */ = {
			isa = PBXSourcesBuildPhase;
			buildActionMask = 2147483647;
			files = (
				EFFA7C3318A46F1000B81CF0 /* Quiz4AppDelegate.m in Sources */,
				EFFA7C5618A46F4700B81CF0 /* Q4LeftController.m in Sources */,
				EFFA7C5918A46F5400B81CF0 /* Q4RightController.m in Sources */,
				EFFA7C2F18A46F1000B81CF0 /* main.m in Sources */,
				EFFA7C5318A46F2B00B81CF0 /* Q4View.m in Sources */,
			);
			runOnlyForDeploymentPostprocessing = 0;
		};
		EFFA7C3618A46F1000B81CF0 /* Sources */ = {
			isa = PBXSourcesBuildPhase;
			buildActionMask = 2147483647;
			files = (
				EFFA7C4818A46F1000B81CF0 /* Quiz4Tests.m in Sources */,
			);
			runOnlyForDeploymentPostprocessing = 0;
		};
/* End PBXSourcesBuildPhase section */

/* Begin PBXTargetDependency section */
		EFFA7C4018A46F1000B81CF0 /* PBXTargetDependency */ = {
			isa = PBXTargetDependency;
			target = EFFA7C1E18A46F1000B81CF0 /* Quiz4 */;
			targetProxy = EFFA7C3F18A46F1000B81CF0 /* PBXContainerItemProxy */;
		};
/* End PBXTargetDependency section */

/* Begin PBXVariantGroup section */
		EFFA7C2B18A46F1000B81CF0 /* InfoPlist.strings */ = {
			isa = PBXVariantGroup;
			children = (
				EFFA7C2C18A46F1000B81CF0 /* en */,
			);
			name = InfoPlist.strings;
			sourceTree = "<group>";
		};
		EFFA7C4418A46F1000B81CF0 /* InfoPlist.strings */ = {
			isa = PBXVariantGroup;
			children = (
				EFFA7C4518A46F1000B81CF0 /* en */,
			);
			name = InfoPlist.strings;
			sourceTree = "<group>";
		};
/* End PBXVariantGroup section */

/* Begin XCBuildConfiguration section */
		EFFA7C4918A46F1000B81CF0 /* Debug */ = {
			isa = XCBuildConfiguration;
			buildSettings = {
				ALWAYS_SEARCH_USER_PATHS = NO;
				ARCHS = "$(ARCHS_STANDARD_INCLUDING_64_BIT)";
				CLANG_CXX_LANGUAGE_STANDARD = "gnu++0x";
				CLANG_CXX_LIBRARY = "libc++";
				CLANG_ENABLE_MODULES = YES;
				CLANG_ENABLE_OBJC_ARC = YES;
				CLANG_WARN_BOOL_CONVERSION = YES;
				CLANG_WARN_CONSTANT_CONVERSION = YES;
				CLANG_WARN_DIRECT_OBJC_ISA_USAGE = YES_ERROR;
				CLANG_WARN_EMPTY_BODY = YES;
				CLANG_WARN_ENUM_CONVERSION = YES;
				CLANG_WARN_INT_CONVERSION = YES;
				CLANG_WARN_OBJC_ROOT_CLASS = YES_ERROR;
				CLANG_WARN__DUPLICATE_METHOD_MATCH = YES;
				"CODE_SIGN_IDENTITY[sdk=iphoneos*]" = "iPhone Developer";
				COPY_PHASE_STRIP = NO;
				GCC_C_LANGUAGE_STANDARD = gnu99;
				GCC_DYNAMIC_NO_PIC = NO;
				GCC_OPTIMIZATION_LEVEL = 0;
				GCC_PREPROCESSOR_DEFINITIONS = (
					"DEBUG=1",
					"$(inherited)",
				);
				GCC_SYMBOLS_PRIVATE_EXTERN = NO;
				GCC_WARN_64_TO_32_BIT_CONVERSION = YES;
				GCC_WARN_ABOUT_RETURN_TYPE = YES_ERROR;
				GCC_WARN_UNDECLARED_SELECTOR = YES;
				GCC_WARN_UNINITIALIZED_AUTOS = YES;
				GCC_WARN_UNUSED_FUNCTION = YES;
				GCC_WARN_UNUSED_VARIABLE = YES;
				IPHONEOS_DEPLOYMENT_TARGET = 7.0;
				ONLY_ACTIVE_ARCH = YES;
				SDKROOT = iphoneos;
			};
			name = Debug;
		};
		EFFA7C4A18A46F1000B81CF0 /* Release */ = {
			isa = XCBuildConfiguration;
			buildSettings = {
				ALWAYS_SEARCH_USER_PATHS = NO;
				ARCHS = "$(ARCHS_STANDARD_INCLUDING_64_BIT)";
				CLANG_CXX_LANGUAGE_STANDARD = "gnu++0x";
				CLANG_CXX_LIBRARY = "libc++";
				CLANG_ENABLE_MODULES = YES;
				CLANG_ENABLE_OBJC_ARC = YES;
				CLANG_WARN_BOOL_CONVERSION = YES;
				CLANG_WARN_CONSTANT_CONVERSION = YES;
				CLANG_WARN_DIRECT_OBJC_ISA_USAGE = YES_ERROR;
				CLANG_WARN_EMPTY_BODY = YES;
				CLANG_WARN_ENUM_CONVERSION = YES;
				CLANG_WARN_INT_CONVERSION = YES;
				CLANG_WARN_OBJC_ROOT_CLASS = YES_ERROR;
				CLANG_WARN__DUPLICATE_METHOD_MATCH = YES;
				"CODE_SIGN_IDENTITY[sdk=iphoneos*]" = "iPhone Developer";
				COPY_PHASE_STRIP = YES;
				ENABLE_NS_ASSERTIONS = NO;
				GCC_C_LANGUAGE_STANDARD = gnu99;
				GCC_WARN_64_TO_32_BIT_CONVERSION = YES;
				GCC_WARN_ABOUT_RETURN_TYPE = YES_ERROR;
				GCC_WARN_UNDECLARED_SELECTOR = YES;
				GCC_WARN_UNINITIALIZED_AUTOS = YES;
				GCC_WARN_UNUSED_FUNCTION = YES;
				GCC_WARN_UNUSED_VARIABLE = YES;
				IPHONEOS_DEPLOYMENT_TARGET = 7.0;
				SDKROOT = iphoneos;
				VALIDATE_PRODUCT = YES;
			};
			name = Release;
		};
		EFFA7C4C18A46F1000B81CF0 /* Debug */ = {
			isa = XCBuildConfiguration;
			buildSettings = {
				ASSETCATALOG_COMPILER_APPICON_NAME = AppIcon;
				ASSETCATALOG_COMPILER_LAUNCHIMAGE_NAME = LaunchImage;
				GCC_PRECOMPILE_PREFIX_HEADER = YES;
				GCC_PREFIX_HEADER = "Quiz4/Quiz4-Prefix.pch";
				INFOPLIST_FILE = "Quiz4/Quiz4-Info.plist";
				PRODUCT_NAME = "$(TARGET_NAME)";
				WRAPPER_EXTENSION = app;
			};
			name = Debug;
		};
		EFFA7C4D18A46F1000B81CF0 /* Release */ = {
			isa = XCBuildConfiguration;
			buildSettings = {
				ASSETCATALOG_COMPILER_APPICON_NAME = AppIcon;
				ASSETCATALOG_COMPILER_LAUNCHIMAGE_NAME = LaunchImage;
				GCC_PRECOMPILE_PREFIX_HEADER = YES;
				GCC_PREFIX_HEADER = "Quiz4/Quiz4-Prefix.pch";
				INFOPLIST_FILE = "Quiz4/Quiz4-Info.plist";
				PRODUCT_NAME = "$(TARGET_NAME)";
				WRAPPER_EXTENSION = app;
			};
			name = Release;
		};
		EFFA7C4F18A46F1000B81CF0 /* Debug */ = {
			isa = XCBuildConfiguration;
			buildSettings = {
				ARCHS = "$(ARCHS_STANDARD_INCLUDING_64_BIT)";
				BUNDLE_LOADER = "$(BUILT_PRODUCTS_DIR)/Quiz4.app/Quiz4";
				FRAMEWORK_SEARCH_PATHS = (
					"$(SDKROOT)/Developer/Library/Frameworks",
					"$(inherited)",
					"$(DEVELOPER_FRAMEWORKS_DIR)",
				);
				GCC_PRECOMPILE_PREFIX_HEADER = YES;
				GCC_PREFIX_HEADER = "Quiz4/Quiz4-Prefix.pch";
				GCC_PREPROCESSOR_DEFINITIONS = (
					"DEBUG=1",
					"$(inherited)",
				);
				INFOPLIST_FILE = "Quiz4Tests/Quiz4Tests-Info.plist";
				PRODUCT_NAME = "$(TARGET_NAME)";
				TEST_HOST = "$(BUNDLE_LOADER)";
				WRAPPER_EXTENSION = xctest;
			};
			name = Debug;
		};
		EFFA7C5018A46F1000B81CF0 /* Release */ = {
			isa = XCBuildConfiguration;
			buildSettings = {
				ARCHS = "$(ARCHS_STANDARD_INCLUDING_64_BIT)";
				BUNDLE_LOADER = "$(BUILT_PRODUCTS_DIR)/Quiz4.app/Quiz4";
				FRAMEWORK_SEARCH_PATHS = (
					"$(SDKROOT)/Developer/Library/Frameworks",
					"$(inherited)",
					"$(DEVELOPER_FRAMEWORKS_DIR)",
				);
				GCC_PRECOMPILE_PREFIX_HEADER = YES;
				GCC_PREFIX_HEADER = "Quiz4/Quiz4-Prefix.pch";
				INFOPLIST_FILE = "Quiz4Tests/Quiz4Tests-Info.plist";
				PRODUCT_NAME = "$(TARGET_NAME)";
				TEST_HOST = "$(BUNDLE_LOADER)";
				WRAPPER_EXTENSION = xctest;
			};
			name = Release;
		};
/* End XCBuildConfiguration section */

/* Begin XCConfigurationList section */
		EFFA7C1A18A46F1000B81CF0 /* Build configuration list for PBXProject "Quiz4" */ = {
			isa = XCConfigurationList;
			buildConfigurations = (
				EFFA7C4918A46F1000B81CF0 /* Debug */,
				EFFA7C4A18A46F1000B81CF0 /* Release */,
			);
			defaultConfigurationIsVisible = 0;
			defaultConfigurationName = Release;
		};
		EFFA7C4B18A46F1000B81CF0 /* Build configuration list for PBXNativeTarget "Quiz4" */ = {
			isa = XCConfigurationList;
			buildConfigurations = (
				EFFA7C4C18A46F1000B81CF0 /* Debug */,
				EFFA7C4D18A46F1000B81CF0 /* Release */,
			);
			defaultConfigurationIsVisible = 0;
		};
		EFFA7C4E18A46F1000B81CF0 /* Build configuration list for PBXNativeTarget "Quiz4Tests" */ = {
			isa = XCConfigurationList;
			buildConfigurations = (
				EFFA7C4F18A46F1000B81CF0 /* Debug */,
				EFFA7C5018A46F1000B81CF0 /* Release */,
			);
			defaultConfigurationIsVisible = 0;
		};
/* End XCConfigurationList section */
	};
	rootObject = EFFA7C1718A46F1000B81CF0 /* Project object */;
}
